
Microsoft Visual Studio Solution File, Format Version 12.00
# Visual Studio Version 17
VisualStudioVersion = 17.10.34928.147
MinimumVisualStudioVersion = 10.0.40219.1
Project("{FAE04EC0-301F-11D3-BF4B-00C04F79EFBC}") = "Terminal", "Terminal.csproj", "{CA185B60-7490-489E-8D8B-A60D86A6B4DB}"
EndProject
Global
	GlobalSection(SolutionConfigurationPlatforms) = preSolution
		Debug|Any CPU = Debug|Any CPU
		Release|Any CPU = Release|Any CPU
	EndGlobalSection
	GlobalSection(ProjectConfigurationPlatforms) = postSolution
		{CA185B60-7490-489E-8D8B-A60D86A6B4DB}.Debug|Any CPU.ActiveCfg = Debug|Any CPU
		{CA185B60-7490-489E-8D8B-A60D86A6B4DB}.Debug|Any CPU.Build.0 = Debug|Any CPU
		{CA185B60-7490-489E-8D8B-A60D86A6B4DB}.Release|Any CPU.ActiveCfg = Release|Any CPU
		{CA185B60-7490-489E-8D8B-A60D86A6B4DB}.Release|Any CPU.Build.0 = Release|Any CPU
	EndGlobalSection
	GlobalSection(SolutionProperties) = preSolution
		HideSolutionNode = FALSE
	EndGlobalSection
	GlobalSection(ExtensibilityGlobals) = postSolution
		SolutionGuid = {05BF7711-AA7C-49FD-8CCD-F2BF39DB4202}
	EndGlobalSection
EndGlobal
